
Microsoft Visual Studio Solution File, Format Version 12.00
# Visual Studio Version 16
VisualStudioVersion = 16.0.29123.88
MinimumVisualStudioVersion = 10.0.40219.1
Project("{FAE04EC0-301F-11D3-BF4B-00C04F79EFBC}") = "Login Form", "Login Form\Login Form.csproj", "{863AB15F-67E9-4F94-B927-419FC54B3BFC}"
EndProject
Global
	GlobalSection(SolutionConfigurationPlatforms) = preSolution
		Debug|Any CPU = Debug|Any CPU
		Release|Any CPU = Release|Any CPU
	EndGlobalSection
	GlobalSection(ProjectConfigurationPlatforms) = postSolution
		{863AB15F-67E9-4F94-B927-419FC54B3BFC}.Debug|Any CPU.ActiveCfg = Debug|Any CPU
		{863AB15F-67E9-4F94-B927-419FC54B3BFC}.Debug|Any CPU.Build.0 = Debug|Any CPU
		{863AB15F-67E9-4F94-B927-419FC54B3BFC}.Release|Any CPU.ActiveCfg = Release|Any CPU
		{863AB15F-67E9-4F94-B927-419FC54B3BFC}.Release|Any CPU.Build.0 = Release|Any CPU
	EndGlobalSection
	GlobalSection(SolutionProperties) = preSolution
		HideSolutionNode = FALSE
	EndGlobalSection
	GlobalSection(ExtensibilityGlobals) = postSolution
		SolutionGuid = {0BD73F80-3316-4051-AFB7-5A73FAEF37A9}
	EndGlobalSection
EndGlobal
